
Microsoft Visual Studio Solution File, Format Version 12.00
# Visual Studio Version 17
VisualStudioVersion = 17.9.34616.47
MinimumVisualStudioVersion = 10.0.40219.1
Project("{FAE04EC0-301F-11D3-BF4B-00C04F79EFBC}") = "COTS1", "COTS1\COTS1.csproj", "{BA991238-4425-48E3-AF7D-B47C79AA71DD}"
EndProject
Global
	GlobalSection(SolutionConfigurationPlatforms) = preSolution
		Debug|Any CPU = Debug|Any CPU
		Release|Any CPU = Release|Any CPU
	EndGlobalSection
	GlobalSection(ProjectConfigurationPlatforms) = postSolution
		{BA991238-4425-48E3-AF7D-B47C79AA71DD}.Debug|Any CPU.ActiveCfg = Debug|Any CPU
		{BA991238-4425-48E3-AF7D-B47C79AA71DD}.Debug|Any CPU.Build.0 = Debug|Any CPU
		{BA991238-4425-48E3-AF7D-B47C79AA71DD}.Release|Any CPU.ActiveCfg = Release|Any CPU
		{BA991238-4425-48E3-AF7D-B47C79AA71DD}.Release|Any CPU.Build.0 = Release|Any CPU
	EndGlobalSection
	GlobalSection(SolutionProperties) = preSolution
		HideSolutionNode = FALSE
	EndGlobalSection
	GlobalSection(ExtensibilityGlobals) = postSolution
		SolutionGuid = {1119EC79-2D51-4A03-9115-F5D0F261F7C4}
	EndGlobalSection
EndGlobal
